
Microsoft Visual Studio Solution File, Format Version 12.00
# Visual Studio 15
VisualStudioVersion = 15.0.27703.2026
MinimumVisualStudioVersion = 10.0.40219.1
Project("{FAE04EC0-301F-11D3-BF4B-00C04F79EFBC}") = "PCBSModloader", "PCBSModloader\PCBSModloader.csproj", "{06E912FB-AD7F-469E-B74E-7842920C3557}"
EndProject
Project("{FAE04EC0-301F-11D3-BF4B-00C04F79EFBC}") = "PCBSInjector", "PCBSInjector\PCBSInjector.csproj", "{214CCC8F-8EEF-42DF-963D-5A17F7FA1F9C}"
EndProject
Global
	GlobalSection(SolutionConfigurationPlatforms) = preSolution
		Debug|Any CPU = Debug|Any CPU
		Release|Any CPU = Release|Any CPU
	EndGlobalSection
	GlobalSection(ProjectConfigurationPlatforms) = postSolution
		{06E912FB-AD7F-469E-B74E-7842920C3557}.Debug|Any CPU.ActiveCfg = Debug|Any CPU
		{06E912FB-AD7F-469E-B74E-7842920C3557}.Debug|Any CPU.Build.0 = Debug|Any CPU
		{06E912FB-AD7F-469E-B74E-7842920C3557}.Release|Any CPU.ActiveCfg = Release|Any CPU
		{06E912FB-AD7F-469E-B74E-7842920C3557}.Release|Any CPU.Build.0 = Release|Any CPU
		{214CCC8F-8EEF-42DF-963D-5A17F7FA1F9C}.Debug|Any CPU.ActiveCfg = Debug|Any CPU
		{214CCC8F-8EEF-42DF-963D-5A17F7FA1F9C}.Debug|Any CPU.Build.0 = Debug|Any CPU
		{214CCC8F-8EEF-42DF-963D-5A17F7FA1F9C}.Release|Any CPU.ActiveCfg = Release|Any CPU
		{214CCC8F-8EEF-42DF-963D-5A17F7FA1F9C}.Release|Any CPU.Build.0 = Release|Any CPU
	EndGlobalSection
	GlobalSection(SolutionProperties) = preSolution
		HideSolutionNode = FALSE
	EndGlobalSection
	GlobalSection(ExtensibilityGlobals) = postSolution
		SolutionGuid = {0306FAB6-C473-4DD1-BD6D-2F5128B2D175}
	EndGlobalSection
EndGlobal
